{
    "name": "equatable",
    "version": "1.2.0",
    "lockfileVersion": 1,
    "requires": true,
    "dependencies": {
        "@esfx/collection-core": {
            "version": "1.0.0-pre.2",
            "resolved": "https://registry.npmjs.org/@esfx/collection-core/-/collection-core-1.0.0-pre.2.tgz",
            "integrity": "sha512-cYDSSl4p0AKCOf/JZbtSVkJZx6KTMrIz+lRDjiVPOispGjAL6v+Bxzn80v6Vig61uMqLVYas5GSsjhvhSzE7/Q==",
            "requires": {
                "@esfx/internal-guards": "^1.0.0-pre.2"
            }
        },
        "@esfx/collections": {
            "version": "1.0.0-pre.2",
            "resolved": "https://registry.npmjs.org/@esfx/collections/-/collections-1.0.0-pre.2.tgz",
            "integrity": "sha512-Q6OjRrduhuvniobnTKVJAzSnZM4Y/7LmhcyvVzklrqFwxFpH5ADIl9bqHe8gGhMiSCzZcFUbcGxgsRjJLHD94w==",
            "requires": {
                "@esfx/collection-core": "^1.0.0-pre.2",
                "@esfx/equatable": "^1.0.0-pre.2",
                "@esfx/internal-binarysearch": "^1.0.0-pre.2",
                "@esfx/internal-guards": "^1.0.0-pre.2",
                "@esfx/internal-integers": "^1.0.0-pre.2"
            }
        },
        "@esfx/equatable": {
            "version": "1.0.0-pre.2",
            "resolved": "https://registry.npmjs.org/@esfx/equatable/-/equatable-1.0.0-pre.2.tgz",
            "integrity": "sha512-GM5pfq+vKfzq8Zm9REWbeaHPSxTBFWb1Zmj+K/gStplgNxbALZufjRsa1ghA6vB3f7yR0jYh/AB+W447wwUvtw==",
            "requires": {
                "@esfx/internal-hashcode": "^1.0.0-pre.2"
            }
        },
        "@esfx/equatable-shim": {
            "version": "1.0.0-pre.2",
            "resolved": "https://registry.npmjs.org/@esfx/equatable-shim/-/equatable-shim-1.0.0-pre.2.tgz",
            "integrity": "sha512-MStEENiEOA3rzsb+m55pAPePO6hMRuZ0GeJcpVZ8EyyRaeCs8qbmKZgUp4HHnl+GxAFODsQvB9jhrTnlNPyNOQ==",
            "requires": {
                "@esfx/equatable": "^1.0.0-pre.2",
                "@esfx/internal-hashcode": "^1.0.0-pre.2"
            }
        },
        "@esfx/internal-binarysearch": {
            "version": "1.0.0-pre.2",
            "resolved": "https://registry.npmjs.org/@esfx/internal-binarysearch/-/internal-binarysearch-1.0.0-pre.2.tgz",
            "integrity": "sha512-Am6aPHcwRgaT3fKtQ0ByXSsuApiFSV5DcN9qxn9acrJCaWeWQuxisDxYSxikTwSRFRZgr5IGHair29q7PN8RLg==",
            "requires": {
                "@esfx/equatable": "^1.0.0-pre.2"
            }
        },
        "@esfx/internal-guards": {
            "version": "1.0.0-pre.2",
            "resolved": "https://registry.npmjs.org/@esfx/internal-guards/-/internal-guards-1.0.0-pre.2.tgz",
            "integrity": "sha512-2p6rlxv3UGnibur4ao+wFmTisEMQWZWxjRsu2E7FVDZnmuAzoT1YsfVFT8TD2gJP0gblbv21329bKBm5TBQmrA=="
        },
        "@esfx/internal-hashcode": {
            "version": "1.0.0-pre.2",
            "resolved": "https://registry.npmjs.org/@esfx/internal-hashcode/-/internal-hashcode-1.0.0-pre.2.tgz",
            "integrity": "sha512-GGO0hGNg2pHogDaI+Tb4OOCfWJC9hxu+O0/WF0CMDhalw44FnK5jrqCeNcqBtRyaxmYmSWXKnjKO4uj5m4GtEw==",
            "requires": {
                "@esfx/internal-murmur3": "^1.0.0-pre.2"
            }
        },
        "@esfx/internal-integers": {
            "version": "1.0.0-pre.2",
            "resolved": "https://registry.npmjs.org/@esfx/internal-integers/-/internal-integers-1.0.0-pre.2.tgz",
            "integrity": "sha512-x+k8XkYx6l5qqA5zBML22CrEim4cdcj/D5Hh2sNIBrYOV0SzKS+R+nw3Dirb7m91BCiUo7m85t6NHoLUH1fiIQ=="
        },
        "@esfx/internal-murmur3": {
            "version": "1.0.0-pre.2",
            "resolved": "https://registry.npmjs.org/@esfx/internal-murmur3/-/internal-murmur3-1.0.0-pre.2.tgz",
            "integrity": "sha512-F9+OhxlCw6jJ2sCD9vbrFCqWlqjGR3haDenY647AjO4FZWEiIdAgIyz1ttLpIJ0bnARfg3z9KduWivc+SO6ouQ=="
        }
    }
}
